schema: '2.0'
stages:
  data_ingestion:
    cmd: python -m vc_demo.data_ingestion
    deps:
    - path: vc_demo/data_ingestion.py
      hash: md5
      md5: 20a87a685d5aa7a03a3d8f0687f69dbe
      size: 3557
    params:
      params.yaml:
        data_ingestion.test_size: 0.2
    outs:
    - path: data/raw
      hash: md5
      md5: fb326d2eec197669f9638afde28356bf.dir
      size: 827973
      nfiles: 2
  data_preprocessing:
    cmd: python -m vc_demo.data_preprocessing
    deps:
    - path: data/raw
      hash: md5
      md5: fb326d2eec197669f9638afde28356bf.dir
      size: 827973
      nfiles: 2
    - path: vc_demo/data_preprocessing.py
      hash: md5
      md5: b71c0155d13bab32e26d87bb3b996d0a
      size: 3996
    outs:
    - path: data/interim
      hash: md5
      md5: ef37afd17951ea8af23114b28d26f784.dir
      size: 566210
      nfiles: 2
  feature_engineering:
    cmd: python -m vc_demo.feature_engineering
    deps:
    - path: data/interim
      hash: md5
      md5: ef37afd17951ea8af23114b28d26f784.dir
      size: 566210
      nfiles: 2
    - path: vc_demo/feature_engineering.py
      hash: md5
      md5: 25c4171d603e86dc3ec3d2517b1ed47f
      size: 3780
    params:
      params.yaml:
        feature_engineering.max_features: 1000
    outs:
    - path: data/processed
      hash: md5
      md5: 7100e0a2c8d0aa1db2194c9f0171d153.dir
      size: 42381525
      nfiles: 2
  model_building:
    cmd: python -m vc_demo.modeling.model_building
    deps:
    - path: data/processed
      hash: md5
      md5: 7100e0a2c8d0aa1db2194c9f0171d153.dir
      size: 42381525
      nfiles: 2
    - path: vc_demo/modeling/model_building.py
      hash: md5
      md5: 2410e47205513cad92c87d4f4281437b
      size: 3099
    params:
      params.yaml:
        model_building.learning_rate: 0.1
        model_building.n_estimators: 25
    outs:
    - path: models/model.pkl
      hash: md5
      md5: c7b13e53158f91fc7653a4fdd7059102
      size: 39135
  model_evaluation:
    cmd: python -m vc_demo.modeling.model_evaluation
    deps:
    - path: models/model.pkl
      hash: md5
      md5: c7b13e53158f91fc7653a4fdd7059102
      size: 39135
    - path: vc_demo/modeling/model_evaluation.py
      hash: md5
      md5: a35fb502e22fcdd32a5cabbc48a40e36
      size: 3304
    outs:
    - path: reports/metrics.json
      hash: md5
      md5: 70561ee3a20a43c7e053167dad4c8326
      size: 144
