schema: '2.0'
stages:
  data_ingestion:
    cmd: python -m vc_demo.data_ingestion
    deps:
    - path: vc_demo/data_ingestion.py
      hash: md5
      md5: 20a87a685d5aa7a03a3d8f0687f69dbe
      size: 3557
    params:
      params.yaml:
        data_ingestion.test_size: 0.2
    outs:
    - path: data/raw
      hash: md5
      md5: fb326d2eec197669f9638afde28356bf.dir
      size: 827973
      nfiles: 2
  data_preprocessing:
    cmd: python -m vc_demo.data_preprocessing
    deps:
    - path: data/raw
      hash: md5
      md5: fb326d2eec197669f9638afde28356bf.dir
      size: 827973
      nfiles: 2
    - path: vc_demo/data_preprocessing.py
      hash: md5
      md5: b71c0155d13bab32e26d87bb3b996d0a
      size: 3996
    outs:
    - path: data/interim
      hash: md5
      md5: ef37afd17951ea8af23114b28d26f784.dir
      size: 566210
      nfiles: 2
  feature_engineering:
    cmd: python -m vc_demo.feature_engineering
    deps:
    - path: data/interim
      hash: md5
      md5: ef37afd17951ea8af23114b28d26f784.dir
      size: 566210
      nfiles: 2
    - path: vc_demo/feature_engineering.py
      hash: md5
      md5: 8a8a0f95539916be1c73f948b70a9199
      size: 3786
    params:
      params.yaml:
        feature_engineering.max_features: 1000
    outs:
    - path: data/processed
      hash: md5
      md5: 4f835a92bf18f6155af5b604c85a8e79.dir
      size: 20786916
      nfiles: 2
  model_building:
    cmd: python -m vc_demo.modeling.model_building
    deps:
    - path: data/processed
      hash: md5
      md5: 4f835a92bf18f6155af5b604c85a8e79.dir
      size: 20786916
      nfiles: 2
    - path: vc_demo/modeling/model_building.py
      hash: md5
      md5: b4e8e3ab5135a8b849063895e5a36502
      size: 3097
    params:
      params.yaml:
        model_building.learning_rate: 0.1
        model_building.n_estimators: 25
    outs:
    - path: models/model.pkl
      hash: md5
      md5: ff9d79c4caf972dbf04da18b60e3c1d8
      size: 39279
  model_evaluation:
    cmd: python -m vc_demo.modeling.model_evaluation
    deps:
    - path: models/model.pkl
      hash: md5
      md5: ff9d79c4caf972dbf04da18b60e3c1d8
      size: 39279
    - path: vc_demo/modeling/model_evaluation.py
      hash: md5
      md5: 227704b83f74537d0b8bb47011cf2fac
      size: 3302
    outs:
    - path: reports/metrics.json
      hash: md5
      md5: cbc5e36b6b69fd36616d7e745bcabd32
      size: 145
